// !$*UTF8*$!
{
	archiveVersion = 1;
	classes = {
	};
	objectVersion = 46;
	objects = {

/* Begin PBXBuildFile section */
		722EF98B1A8F468400D5B7F8 /* IngredientModel.xcdatamodeld in Sources */ = {isa = PBXBuildFile; fileRef = 722EF9891A8F468400D5B7F8 /* IngredientModel.xcdatamodeld */; };
		722EF98D1A8F46E800D5B7F8 /* IngredientItem.swift in Sources */ = {isa = PBXBuildFile; fileRef = 722EF98C1A8F46E800D5B7F8 /* IngredientItem.swift */; };
		722EF9931A8F62C800D5B7F8 /* Receipe.swift in Sources */ = {isa = PBXBuildFile; fileRef = 722EF9921A8F62C800D5B7F8 /* Receipe.swift */; };
		722EF9951A8F638700D5B7F8 /* Step.swift in Sources */ = {isa = PBXBuildFile; fileRef = 722EF9941A8F638700D5B7F8 /* Step.swift */; };
		72560F4C1A987E51009B599A /* IngredientsListTableViewController.swift in Sources */ = {isa = PBXBuildFile; fileRef = 72560F4B1A987E51009B599A /* IngredientsListTableViewController.swift */; };
		72560F4E1A988D24009B599A /* IngredientList.swift in Sources */ = {isa = PBXBuildFile; fileRef = 72560F4D1A988D24009B599A /* IngredientList.swift */; };
		727D26691A93DF2C00C76AA0 /* Section.swift in Sources */ = {isa = PBXBuildFile; fileRef = 727D26681A93DF2C00C76AA0 /* Section.swift */; };
		729D7A671A8F3C060024AD31 /* AppDelegate.swift in Sources */ = {isa = PBXBuildFile; fileRef = 729D7A661A8F3C060024AD31 /* AppDelegate.swift */; };
		729D7A691A8F3C060024AD31 /* ReceipeViewController.swift in Sources */ = {isa = PBXBuildFile; fileRef = 729D7A681A8F3C060024AD31 /* ReceipeViewController.swift */; };
		729D7A6C1A8F3C060024AD31 /* Main.storyboard in Resources */ = {isa = PBXBuildFile; fileRef = 729D7A6A1A8F3C060024AD31 /* Main.storyboard */; };
		729D7A6E1A8F3C060024AD31 /* Images.xcassets in Resources */ = {isa = PBXBuildFile; fileRef = 729D7A6D1A8F3C060024AD31 /* Images.xcassets */; };
		729D7A711A8F3C060024AD31 /* LaunchScreen.xib in Resources */ = {isa = PBXBuildFile; fileRef = 729D7A6F1A8F3C060024AD31 /* LaunchScreen.xib */; };
		729D7A7D1A8F3C060024AD31 /* OppskriftoliniTests.swift in Sources */ = {isa = PBXBuildFile; fileRef = 729D7A7C1A8F3C060024AD31 /* OppskriftoliniTests.swift */; };
/* End PBXBuildFile section */

/* Begin PBXContainerItemProxy section */
		729D7A771A8F3C060024AD31 /* PBXContainerItemProxy */ = {
			isa = PBXContainerItemProxy;
			containerPortal = 729D7A591A8F3C060024AD31 /* Project object */;
			proxyType = 1;
			remoteGlobalIDString = 729D7A601A8F3C060024AD31;
			remoteInfo = Oppskriftolini;
		};
/* End PBXContainerItemProxy section */

/* Begin PBXFileReference section */
		722EF98A1A8F468400D5B7F8 /* IngredientModel.xcdatamodel */ = {isa = PBXFileReference; lastKnownFileType = wrapper.xcdatamodel; path = IngredientModel.xcdatamodel; sourceTree = "<group>"; };
		722EF98C1A8F46E800D5B7F8 /* IngredientItem.swift */ = {isa = PBXFileReference; fileEncoding = 4; lastKnownFileType = sourcecode.swift; name = IngredientItem.swift; path = Oppskriftolini/IngredientItem.swift; sourceTree = "<group>"; };
		722EF9921A8F62C800D5B7F8 /* Receipe.swift */ = {isa = PBXFileReference; fileEncoding = 4; lastKnownFileType = sourcecode.swift; path = Receipe.swift; sourceTree = "<group>"; };
		722EF9941A8F638700D5B7F8 /* Step.swift */ = {isa = PBXFileReference; fileEncoding = 4; lastKnownFileType = sourcecode.swift; path = Step.swift; sourceTree = "<group>"; };
		72560F4B1A987E51009B599A /* IngredientsListTableViewController.swift */ = {isa = PBXFileReference; fileEncoding = 4; lastKnownFileType = sourcecode.swift; path = IngredientsListTableViewController.swift; sourceTree = "<group>"; };
		72560F4D1A988D24009B599A /* IngredientList.swift */ = {isa = PBXFileReference; fileEncoding = 4; lastKnownFileType = sourcecode.swift; path = IngredientList.swift; sourceTree = "<group>"; };
		727D26681A93DF2C00C76AA0 /* Section.swift */ = {isa = PBXFileReference; fileEncoding = 4; lastKnownFileType = sourcecode.swift; path = Section.swift; sourceTree = "<group>"; };
		729D7A611A8F3C060024AD31 /* Oppskriftolini.app */ = {isa = PBXFileReference; explicitFileType = wrapper.application; includeInIndex = 0; path = Oppskriftolini.app; sourceTree = BUILT_PRODUCTS_DIR; };
		729D7A651A8F3C060024AD31 /* Info.plist */ = {isa = PBXFileReference; lastKnownFileType = text.plist.xml; path = Info.plist; sourceTree = "<group>"; };
		729D7A661A8F3C060024AD31 /* AppDelegate.swift */ = {isa = PBXFileReference; lastKnownFileType = sourcecode.swift; path = AppDelegate.swift; sourceTree = "<group>"; };
		729D7A681A8F3C060024AD31 /* ReceipeViewController.swift */ = {isa = PBXFileReference; lastKnownFileType = sourcecode.swift; path = ReceipeViewController.swift; sourceTree = "<group>"; };
		729D7A6B1A8F3C060024AD31 /* Base */ = {isa = PBXFileReference; lastKnownFileType = file.storyboard; name = Base; path = Base.lproj/Main.storyboard; sourceTree = "<group>"; };
		729D7A6D1A8F3C060024AD31 /* Images.xcassets */ = {isa = PBXFileReference; lastKnownFileType = folder.assetcatalog; path = Images.xcassets; sourceTree = "<group>"; };
		729D7A701A8F3C060024AD31 /* Base */ = {isa = PBXFileReference; lastKnownFileType = file.xib; name = Base; path = Base.lproj/LaunchScreen.xib; sourceTree = "<group>"; };
		729D7A761A8F3C060024AD31 /* OppskriftoliniTests.xctest */ = {isa = PBXFileReference; explicitFileType = wrapper.cfbundle; includeInIndex = 0; path = OppskriftoliniTests.xctest; sourceTree = BUILT_PRODUCTS_DIR; };
		729D7A7B1A8F3C060024AD31 /* Info.plist */ = {isa = PBXFileReference; lastKnownFileType = text.plist.xml; path = Info.plist; sourceTree = "<group>"; };
		729D7A7C1A8F3C060024AD31 /* OppskriftoliniTests.swift */ = {isa = PBXFileReference; lastKnownFileType = sourcecode.swift; path = OppskriftoliniTests.swift; sourceTree = "<group>"; };
/* End PBXFileReference section */

/* Begin PBXFrameworksBuildPhase section */
		729D7A5E1A8F3C060024AD31 /* Frameworks */ = {
			isa = PBXFrameworksBuildPhase;
			buildActionMask = 2147483647;
			files = (
			);
			runOnlyForDeploymentPostprocessing = 0;
		};
		729D7A731A8F3C060024AD31 /* Frameworks */ = {
			isa = PBXFrameworksBuildPhase;
			buildActionMask = 2147483647;
			files = (
			);
			runOnlyForDeploymentPostprocessing = 0;
		};
/* End PBXFrameworksBuildPhase section */

/* Begin PBXGroup section */
		722EF98E1A8F46FE00D5B7F8 /* models */ = {
			isa = PBXGroup;
			children = (
				722EF9891A8F468400D5B7F8 /* IngredientModel.xcdatamodeld */,
				722EF98C1A8F46E800D5B7F8 /* IngredientItem.swift */,
				722EF9921A8F62C800D5B7F8 /* Receipe.swift */,
				722EF9941A8F638700D5B7F8 /* Step.swift */,
				727D26681A93DF2C00C76AA0 /* Section.swift */,
				72560F4D1A988D24009B599A /* IngredientList.swift */,
			);
			name = models;
			path = ..;
			sourceTree = "<group>";
		};
		72560F4A1A987E2E009B599A /* controllers */ = {
			isa = PBXGroup;
			children = (
				729D7A681A8F3C060024AD31 /* ReceipeViewController.swift */,
				72560F4B1A987E51009B599A /* IngredientsListTableViewController.swift */,
			);
			name = controllers;
			sourceTree = "<group>";
		};
		729D7A581A8F3C060024AD31 = {
			isa = PBXGroup;
			children = (
				729D7A631A8F3C060024AD31 /* Oppskriftolini */,
				729D7A791A8F3C060024AD31 /* OppskriftoliniTests */,
				729D7A621A8F3C060024AD31 /* Products */,
			);
			sourceTree = "<group>";
		};
		729D7A621A8F3C060024AD31 /* Products */ = {
			isa = PBXGroup;
			children = (
				729D7A611A8F3C060024AD31 /* Oppskriftolini.app */,
				729D7A761A8F3C060024AD31 /* OppskriftoliniTests.xctest */,
			);
			name = Products;
			sourceTree = "<group>";
		};
		729D7A631A8F3C060024AD31 /* Oppskriftolini */ = {
			isa = PBXGroup;
			children = (
				72560F4A1A987E2E009B599A /* controllers */,
				722EF98E1A8F46FE00D5B7F8 /* models */,
				729D7A661A8F3C060024AD31 /* AppDelegate.swift */,
				729D7A6A1A8F3C060024AD31 /* Main.storyboard */,
				729D7A6D1A8F3C060024AD31 /* Images.xcassets */,
				729D7A6F1A8F3C060024AD31 /* LaunchScreen.xib */,
				729D7A641A8F3C060024AD31 /* Supporting Files */,
			);
			path = Oppskriftolini;
			sourceTree = "<group>";
		};
		729D7A641A8F3C060024AD31 /* Supporting Files */ = {
			isa = PBXGroup;
			children = (
				729D7A651A8F3C060024AD31 /* Info.plist */,
			);
			name = "Supporting Files";
			sourceTree = "<group>";
		};
		729D7A791A8F3C060024AD31 /* OppskriftoliniTests */ = {
			isa = PBXGroup;
			children = (
				729D7A7C1A8F3C060024AD31 /* OppskriftoliniTests.swift */,
				729D7A7A1A8F3C060024AD31 /* Supporting Files */,
			);
			path = OppskriftoliniTests;
			sourceTree = "<group>";
		};
		729D7A7A1A8F3C060024AD31 /* Supporting Files */ = {
			isa = PBXGroup;
			children = (
				729D7A7B1A8F3C060024AD31 /* Info.plist */,
			);
			name = "Supporting Files";
			sourceTree = "<group>";
		};
/* End PBXGroup section */

/* Begin PBXNativeTarget section */
		729D7A601A8F3C060024AD31 /* Oppskriftolini */ = {
			isa = PBXNativeTarget;
			buildConfigurationList = 729D7A801A8F3C060024AD31 /* Build configuration list for PBXNativeTarget "Oppskriftolini" */;
			buildPhases = (
				729D7A5D1A8F3C060024AD31 /* Sources */,
				729D7A5E1A8F3C060024AD31 /* Frameworks */,
				729D7A5F1A8F3C060024AD31 /* Resources */,
			);
			buildRules = (
			);
			dependencies = (
			);
			name = Oppskriftolini;
			productName = Oppskriftolini;
			productReference = 729D7A611A8F3C060024AD31 /* Oppskriftolini.app */;
			productType = "com.apple.product-type.application";
		};
		729D7A751A8F3C060024AD31 /* OppskriftoliniTests */ = {
			isa = PBXNativeTarget;
			buildConfigurationList = 729D7A831A8F3C060024AD31 /* Build configuration list for PBXNativeTarget "OppskriftoliniTests" */;
			buildPhases = (
				729D7A721A8F3C060024AD31 /* Sources */,
				729D7A731A8F3C060024AD31 /* Frameworks */,
				729D7A741A8F3C060024AD31 /* Resources */,
			);
			buildRules = (
			);
			dependencies = (
				729D7A781A8F3C060024AD31 /* PBXTargetDependency */,
			);
			name = OppskriftoliniTests;
			productName = OppskriftoliniTests;
			productReference = 729D7A761A8F3C060024AD31 /* OppskriftoliniTests.xctest */;
			productType = "com.apple.product-type.bundle.unit-test";
		};
/* End PBXNativeTarget section */

/* Begin PBXProject section */
		729D7A591A8F3C060024AD31 /* Project object */ = {
			isa = PBXProject;
			attributes = {
				LastUpgradeCheck = 0610;
				ORGANIZATIONNAME = "Knut Nygaard";
				TargetAttributes = {
					729D7A601A8F3C060024AD31 = {
						CreatedOnToolsVersion = 6.1.1;
						DevelopmentTeam = E9A359GGU4;
					};
					729D7A751A8F3C060024AD31 = {
						CreatedOnToolsVersion = 6.1.1;
						TestTargetID = 729D7A601A8F3C060024AD31;
					};
				};
			};
			buildConfigurationList = 729D7A5C1A8F3C060024AD31 /* Build configuration list for PBXProject "Oppskriftolini" */;
			compatibilityVersion = "Xcode 3.2";
			developmentRegion = English;
			hasScannedForEncodings = 0;
			knownRegions = (
				en,
				Base,
			);
			mainGroup = 729D7A581A8F3C060024AD31;
			productRefGroup = 729D7A621A8F3C060024AD31 /* Products */;
			projectDirPath = "";
			projectRoot = "";
			targets = (
				729D7A601A8F3C060024AD31 /* Oppskriftolini */,
				729D7A751A8F3C060024AD31 /* OppskriftoliniTests */,
			);
		};
/* End PBXProject section */

/* Begin PBXResourcesBuildPhase section */
		729D7A5F1A8F3C060024AD31 /* Resources */ = {
			isa = PBXResourcesBuildPhase;
			buildActionMask = 2147483647;
			files = (
				729D7A6C1A8F3C060024AD31 /* Main.storyboard in Resources */,
				729D7A711A8F3C060024AD31 /* LaunchScreen.xib in Resources */,
				729D7A6E1A8F3C060024AD31 /* Images.xcassets in Resources */,
			);
			runOnlyForDeploymentPostprocessing = 0;
		};
		729D7A741A8F3C060024AD31 /* Resources */ = {
			isa = PBXResourcesBuildPhase;
			buildActionMask = 2147483647;
			files = (
			);
			runOnlyForDeploymentPostprocessing = 0;
		};
/* End PBXResourcesBuildPhase section */

/* Begin PBXSourcesBuildPhase section */
		729D7A5D1A8F3C060024AD31 /* Sources */ = {
			isa = PBXSourcesBuildPhase;
			buildActionMask = 2147483647;
			files = (
				722EF9931A8F62C800D5B7F8 /* Receipe.swift in Sources */,
				722EF98B1A8F468400D5B7F8 /* IngredientModel.xcdatamodeld in Sources */,
				72560F4C1A987E51009B599A /* IngredientsListTableViewController.swift in Sources */,
				729D7A691A8F3C060024AD31 /* ReceipeViewController.swift in Sources */,
				727D26691A93DF2C00C76AA0 /* Section.swift in Sources */,
				729D7A671A8F3C060024AD31 /* AppDelegate.swift in Sources */,
				722EF98D1A8F46E800D5B7F8 /* IngredientItem.swift in Sources */,
				722EF9951A8F638700D5B7F8 /* Step.swift in Sources */,
				72560F4E1A988D24009B599A /* IngredientList.swift in Sources */,
			);
			runOnlyForDeploymentPostprocessing = 0;
		};
		729D7A721A8F3C060024AD31 /* Sources */ = {
			isa = PBXSourcesBuildPhase;
			buildActionMask = 2147483647;
			files = (
				729D7A7D1A8F3C060024AD31 /* OppskriftoliniTests.swift in Sources */,
			);
			runOnlyForDeploymentPostprocessing = 0;
		};
/* End PBXSourcesBuildPhase section */

/* Begin PBXTargetDependency section */
		729D7A781A8F3C060024AD31 /* PBXTargetDependency */ = {
			isa = PBXTargetDependency;
			target = 729D7A601A8F3C060024AD31 /* Oppskriftolini */;
			targetProxy = 729D7A771A8F3C060024AD31 /* PBXContainerItemProxy */;
		};
/* End PBXTargetDependency section */

/* Begin PBXVariantGroup section */
		729D7A6A1A8F3C060024AD31 /* Main.storyboard */ = {
			isa = PBXVariantGroup;
			children = (
				729D7A6B1A8F3C060024AD31 /* Base */,
			);
			name = Main.storyboard;
			sourceTree = "<group>";
		};
		729D7A6F1A8F3C060024AD31 /* LaunchScreen.xib */ = {
			isa = PBXVariantGroup;
			children = (
				729D7A701A8F3C060024AD31 /* Base */,
			);
			name = LaunchScreen.xib;
			sourceTree = "<group>";
		};
/* End PBXVariantGroup section */

/* Begin XCBuildConfiguration section */
		729D7A7E1A8F3C060024AD31 /* Debug */ = {
			isa = XCBuildConfiguration;
			buildSettings = {
				ALWAYS_SEARCH_USER_PATHS = NO;
				CLANG_CXX_LANGUAGE_STANDARD = "gnu++0x";
				CLANG_CXX_LIBRARY = "libc++";
				CLANG_ENABLE_MODULES = YES;
				CLANG_ENABLE_OBJC_ARC = YES;
				CLANG_WARN_BOOL_CONVERSION = YES;
				CLANG_WARN_CONSTANT_CONVERSION = YES;
				CLANG_WARN_DIRECT_OBJC_ISA_USAGE = YES_ERROR;
				CLANG_WARN_EMPTY_BODY = YES;
				CLANG_WARN_ENUM_CONVERSION = YES;
				CLANG_WARN_INT_CONVERSION = YES;
				CLANG_WARN_OBJC_ROOT_CLASS = YES_ERROR;
				CLANG_WARN_UNREACHABLE_CODE = YES;
				CLANG_WARN__DUPLICATE_METHOD_MATCH = YES;
				"CODE_SIGN_IDENTITY[sdk=iphoneos*]" = "iPhone Developer";
				COPY_PHASE_STRIP = NO;
				ENABLE_STRICT_OBJC_MSGSEND = YES;
				GCC_C_LANGUAGE_STANDARD = gnu99;
				GCC_DYNAMIC_NO_PIC = NO;
				GCC_OPTIMIZATION_LEVEL = 0;
				GCC_PREPROCESSOR_DEFINITIONS = (
					"DEBUG=1",
					"$(inherited)",
				);
				GCC_SYMBOLS_PRIVATE_EXTERN = NO;
				GCC_WARN_64_TO_32_BIT_CONVERSION = YES;
				GCC_WARN_ABOUT_RETURN_TYPE = YES_ERROR;
				GCC_WARN_UNDECLARED_SELECTOR = YES;
				GCC_WARN_UNINITIALIZED_AUTOS = YES_AGGRESSIVE;
				GCC_WARN_UNUSED_FUNCTION = YES;
				GCC_WARN_UNUSED_VARIABLE = YES;
				IPHONEOS_DEPLOYMENT_TARGET = 8.1;
				MTL_ENABLE_DEBUG_INFO = YES;
				ONLY_ACTIVE_ARCH = YES;
				SDKROOT = iphoneos;
				SWIFT_OPTIMIZATION_LEVEL = "-Onone";
			};
			name = Debug;
		};
		729D7A7F1A8F3C060024AD31 /* Release */ = {
			isa = XCBuildConfiguration;
			buildSettings = {
				ALWAYS_SEARCH_USER_PATHS = NO;
				CLANG_CXX_LANGUAGE_STANDARD = "gnu++0x";
				CLANG_CXX_LIBRARY = "libc++";
				CLANG_ENABLE_MODULES = YES;
				CLANG_ENABLE_OBJC_ARC = YES;
				CLANG_WARN_BOOL_CONVERSION = YES;
				CLANG_WARN_CONSTANT_CONVERSION = YES;
				CLANG_WARN_DIRECT_OBJC_ISA_USAGE = YES_ERROR;
				CLANG_WARN_EMPTY_BODY = YES;
				CLANG_WARN_ENUM_CONVERSION = YES;
				CLANG_WARN_INT_CONVERSION = YES;
				CLANG_WARN_OBJC_ROOT_CLASS = YES_ERROR;
				CLANG_WARN_UNREACHABLE_CODE = YES;
				CLANG_WARN__DUPLICATE_METHOD_MATCH = YES;
				"CODE_SIGN_IDENTITY[sdk=iphoneos*]" = "iPhone Developer";
				COPY_PHASE_STRIP = YES;
				ENABLE_NS_ASSERTIONS = NO;
				ENABLE_STRICT_OBJC_MSGSEND = YES;
				GCC_C_LANGUAGE_STANDARD = gnu99;
				GCC_WARN_64_TO_32_BIT_CONVERSION = YES;
				GCC_WARN_ABOUT_RETURN_TYPE = YES_ERROR;
				GCC_WARN_UNDECLARED_SELECTOR = YES;
				GCC_WARN_UNINITIALIZED_AUTOS = YES_AGGRESSIVE;
				GCC_WARN_UNUSED_FUNCTION = YES;
				GCC_WARN_UNUSED_VARIABLE = YES;
				IPHONEOS_DEPLOYMENT_TARGET = 8.1;
				MTL_ENABLE_DEBUG_INFO = NO;
				SDKROOT = iphoneos;
				VALIDATE_PRODUCT = YES;
			};
			name = Release;
		};
		729D7A811A8F3C060024AD31 /* Debug */ = {
			isa = XCBuildConfiguration;
			buildSettings = {
				ASSETCATALOG_COMPILER_APPICON_NAME = AppIcon;
				INFOPLIST_FILE = Oppskriftolini/Info.plist;
				LD_RUNPATH_SEARCH_PATHS = "$(inherited) @executable_path/Frameworks";
				PRODUCT_NAME = "$(TARGET_NAME)";
			};
			name = Debug;
		};
		729D7A821A8F3C060024AD31 /* Release */ = {
			isa = XCBuildConfiguration;
			buildSettings = {
				ASSETCATALOG_COMPILER_APPICON_NAME = AppIcon;
				INFOPLIST_FILE = Oppskriftolini/Info.plist;
				LD_RUNPATH_SEARCH_PATHS = "$(inherited) @executable_path/Frameworks";
				PRODUCT_NAME = "$(TARGET_NAME)";
			};
			name = Release;
		};
		729D7A841A8F3C060024AD31 /* Debug */ = {
			isa = XCBuildConfiguration;
			buildSettings = {
				BUNDLE_LOADER = "$(TEST_HOST)";
				FRAMEWORK_SEARCH_PATHS = (
					"$(SDKROOT)/Developer/Library/Frameworks",
					"$(inherited)",
				);
				GCC_PREPROCESSOR_DEFINITIONS = (
					"DEBUG=1",
					"$(inherited)",
				);
				INFOPLIST_FILE = OppskriftoliniTests/Info.plist;
				LD_RUNPATH_SEARCH_PATHS = "$(inherited) @executable_path/Frameworks @loader_path/Frameworks";
				PRODUCT_NAME = "$(TARGET_NAME)";
				TEST_HOST = "$(BUILT_PRODUCTS_DIR)/Oppskriftolini.app/Oppskriftolini";
			};
			name = Debug;
		};
		729D7A851A8F3C060024AD31 /* Release */ = {
			isa = XCBuildConfiguration;
			buildSettings = {
				BUNDLE_LOADER = "$(TEST_HOST)";
				FRAMEWORK_SEARCH_PATHS = (
					"$(SDKROOT)/Developer/Library/Frameworks",
					"$(inherited)",
				);
				INFOPLIST_FILE = OppskriftoliniTests/Info.plist;
				LD_RUNPATH_SEARCH_PATHS = "$(inherited) @executable_path/Frameworks @loader_path/Frameworks";
				PRODUCT_NAME = "$(TARGET_NAME)";
				TEST_HOST = "$(BUILT_PRODUCTS_DIR)/Oppskriftolini.app/Oppskriftolini";
			};
			name = Release;
		};
/* End XCBuildConfiguration section */

/* Begin XCConfigurationList section */
		729D7A5C1A8F3C060024AD31 /* Build configuration list for PBXProject "Oppskriftolini" */ = {
			isa = XCConfigurationList;
			buildConfigurations = (
				729D7A7E1A8F3C060024AD31 /* Debug */,
				729D7A7F1A8F3C060024AD31 /* Release */,
			);
			defaultConfigurationIsVisible = 0;
			defaultConfigurationName = Release;
		};
		729D7A801A8F3C060024AD31 /* Build configuration list for PBXNativeTarget "Oppskriftolini" */ = {
			isa = XCConfigurationList;
			buildConfigurations = (
				729D7A811A8F3C060024AD31 /* Debug */,
				729D7A821A8F3C060024AD31 /* Release */,
			);
			defaultConfigurationIsVisible = 0;
			defaultConfigurationName = Release;
		};
		729D7A831A8F3C060024AD31 /* Build configuration list for PBXNativeTarget "OppskriftoliniTests" */ = {
			isa = XCConfigurationList;
			buildConfigurations = (
				729D7A841A8F3C060024AD31 /* Debug */,
				729D7A851A8F3C060024AD31 /* Release */,
			);
			defaultConfigurationIsVisible = 0;
			defaultConfigurationName = Release;
		};
/* End XCConfigurationList section */

/* Begin XCVersionGroup section */
		722EF9891A8F468400D5B7F8 /* IngredientModel.xcdatamodeld */ = {
			isa = XCVersionGroup;
			children = (
				722EF98A1A8F468400D5B7F8 /* IngredientModel.xcdatamodel */,
			);
			currentVersion = 722EF98A1A8F468400D5B7F8 /* IngredientModel.xcdatamodel */;
			name = IngredientModel.xcdatamodeld;
			path = Oppskriftolini/IngredientModel.xcdatamodeld;
			sourceTree = "<group>";
			versionGroupType = wrapper.xcdatamodel;
		};
/* End XCVersionGroup section */
	};
	rootObject = 729D7A591A8F3C060024AD31 /* Project object */;
}
